
Microsoft Visual Studio Solution File, Format Version 12.00
# Visual Studio Version 17
VisualStudioVersion = 17.9.34902.65
MinimumVisualStudioVersion = 10.0.40219.1
Project("{FAE04EC0-301F-11D3-BF4B-00C04F79EFBC}") = "WebApplication1_HW_25_11_2024", "WebApplication1_HW_25_11_2024\WebApplication1_HW_25_11_2024.csproj", "{69EB0A67-A737-4FE2-9BDC-BE18FF1D9859}"
EndProject
Global
	GlobalSection(SolutionConfigurationPlatforms) = preSolution
		Debug|Any CPU = Debug|Any CPU
		Release|Any CPU = Release|Any CPU
	EndGlobalSection
	GlobalSection(ProjectConfigurationPlatforms) = postSolution
		{69EB0A67-A737-4FE2-9BDC-BE18FF1D9859}.Debug|Any CPU.ActiveCfg = Debug|Any CPU
		{69EB0A67-A737-4FE2-9BDC-BE18FF1D9859}.Debug|Any CPU.Build.0 = Debug|Any CPU
		{69EB0A67-A737-4FE2-9BDC-BE18FF1D9859}.Release|Any CPU.ActiveCfg = Release|Any CPU
		{69EB0A67-A737-4FE2-9BDC-BE18FF1D9859}.Release|Any CPU.Build.0 = Release|Any CPU
	EndGlobalSection
	GlobalSection(SolutionProperties) = preSolution
		HideSolutionNode = FALSE
	EndGlobalSection
	GlobalSection(ExtensibilityGlobals) = postSolution
		SolutionGuid = {99CC0BA0-DA14-4E2D-B013-FAA657FF9387}
	EndGlobalSection
EndGlobal
